{
  "name": "kaza-loger",
  "version": "2.0.3",
  "lockfileVersion": 2,
  "requires": true,
  "packages": {
    "": {
      "name": "kaza-loger",
      "version": "2.0.3",
      "license": "ISC",
      "dependencies": {
        "colors-console": "^1.0.3",
        "kaza-loger": "^2.0.3"
      }
    },
    "node_modules/colors-console": {
      "version": "1.0.3",
      "resolved": "https://registry.npmjs.org/colors-console/-/colors-console-1.0.3.tgz",
      "integrity": "sha512-Q31K32UwadWqAxs+Iu46gNm4HJqUwrTJT2zen5NnhkKE5w7uqeZQZiuODUOxM/zOtHfiUTkia0io6zbN/VcCUQ=="
    },
    "node_modules/kaza-loger": {
      "version": "2.0.3",
      "resolved": "https://registry.npmjs.org/kaza-loger/-/kaza-loger-2.0.3.tgz",
      "integrity": "sha512-UmlymamI8bCBu3JXGay8+EnslAEqYxYdGtdWySl5TQ54savbl8c6fKRFv0POFbsMoaObUmuQio0y31qkqwonYQ==",
      "dependencies": {
        "colors-console": "^1.0.3"
      }
    }
  },
  "dependencies": {
    "colors-console": {
      "version": "1.0.3",
      "resolved": "https://registry.npmjs.org/colors-console/-/colors-console-1.0.3.tgz",
      "integrity": "sha512-Q31K32UwadWqAxs+Iu46gNm4HJqUwrTJT2zen5NnhkKE5w7uqeZQZiuODUOxM/zOtHfiUTkia0io6zbN/VcCUQ=="
    },
    "kaza-loger": {
      "version": "2.0.3",
      "resolved": "https://registry.npmjs.org/kaza-loger/-/kaza-loger-2.0.3.tgz",
      "integrity": "sha512-UmlymamI8bCBu3JXGay8+EnslAEqYxYdGtdWySl5TQ54savbl8c6fKRFv0POFbsMoaObUmuQio0y31qkqwonYQ==",
      "requires": {
        "colors-console": "^1.0.3"
      }
    }
  }
}
